{
  "version": 4,
  "terraform_version": "1.1.9",
  "serial": 63,
  "lineage": "650c9788-551b-8d0e-5be2-e6dfe22efac8",
  "outputs": {},
  "resources": [
    {
      "mode": "managed",
      "type": "huaweicloud_compute_eip_associate",
      "name": "associated",
      "provider": "provider[\"registry.terraform.io/huaweicloud/huaweicloud\"]",
      "instances": [
        {
          "schema_version": 0,
          "attributes": {
            "bandwidth_id": null,
            "fixed_ip": "192.168.0.200",
            "id": "94.74.74.226/3589eda6-c120-4278-8f5f-cb9092cdce3b/192.168.0.200",
            "instance_id": "3589eda6-c120-4278-8f5f-cb9092cdce3b",
            "port_id": "a559ce35-a178-4ab8-9105-f5c040189047",
            "public_ip": "94.74.74.226",
            "region": "na-mexico-1",
            "timeouts": null
          },
          "sensitive_attributes": [],
          "private": "eyJlMmJmYjczMC1lY2FhLTExZTYtOGY4OC0zNDM2M2JjN2M0YzAiOnsiY3JlYXRlIjo2MDAwMDAwMDAwMDB9fQ==",
          "dependencies": [
            "huaweicloud_compute_instance.basic",
            "huaweicloud_networking_secgroup_v2.secgroup_1",
            "huaweicloud_vpc.terra_vpc",
            "huaweicloud_vpc_eip.myeip",
            "huaweicloud_vpc_subnet_v1.subnet_v1"
          ]
        }
      ]
    },
    {
      "mode": "managed",
      "type": "huaweicloud_compute_instance",
      "name": "basic",
      "provider": "provider[\"registry.terraform.io/huaweicloud/huaweicloud\"]",
      "instances": [
        {
          "schema_version": 0,
          "attributes": {
            "access_ip_v4": "192.168.0.200",
            "access_ip_v6": "",
            "admin_pass": null,
            "agency_name": "",
            "auto_pay": null,
            "auto_renew": null,
            "availability_zone": "na-mexico-1a",
            "block_device": [],
            "charging_mode": "postPaid",
            "data_disks": [],
            "delete_disks_on_termination": null,
            "enterprise_project_id": "0",
            "flavor_id": "t6.small.1",
            "flavor_name": "t6.small.1",
            "id": "3589eda6-c120-4278-8f5f-cb9092cdce3b",
            "image_id": "014fa18a-088b-4560-92c3-5a0baa57e38a",
            "image_name": "Ubuntu 18.04 server 64bit",
            "key_pair": "KeyPair-terraform",
            "metadata": null,
            "name": "basic",
            "network": [
              {
                "access_network": false,
                "fixed_ip_v4": "192.168.0.200",
                "fixed_ip_v6": "",
                "ipv6_enable": false,
                "mac": "fa:16:4e:e0:1b:2a",
                "port": "a559ce35-a178-4ab8-9105-f5c040189047",
                "source_dest_check": true,
                "uuid": "78affc2e-e61d-43d7-822a-e8df23996a3b"
              }
            ],
            "period": null,
            "period_unit": null,
            "power_action": null,
            "public_ip": null,
            "region": "na-mexico-1",
            "scheduler_hints": [],
            "security_group_ids": [
              "c5c9f119-ec3d-4fd1-84cd-8c737d91e07a"
            ],
            "security_groups": [
              "secgroup_terraform"
            ],
            "status": "ACTIVE",
            "stop_before_destroy": false,
            "system_disk_id": "64300e35-5161-45ad-bc2e-c15aae01c43b",
            "system_disk_size": 40,
            "system_disk_type": "GPSSD",
            "tags": null,
            "timeouts": null,
            "user_data": null,
            "user_id": null,
            "volume_attached": [
              {
                "boot_index": 0,
                "pci_address": "0000:02:01.0",
                "size": 40,
                "type": "GPSSD",
                "volume_id": "64300e35-5161-45ad-bc2e-c15aae01c43b"
              }
            ]
          },
          "sensitive_attributes": [],
          "private": "eyJlMmJmYjczMC1lY2FhLTExZTYtOGY4OC0zNDM2M2JjN2M0YzAiOnsiY3JlYXRlIjoxODAwMDAwMDAwMDAwLCJkZWxldGUiOjE4MDAwMDAwMDAwMDAsInVwZGF0ZSI6MTgwMDAwMDAwMDAwMH19",
          "dependencies": [
            "huaweicloud_networking_secgroup_v2.secgroup_1",
            "huaweicloud_vpc.terra_vpc",
            "huaweicloud_vpc_subnet_v1.subnet_v1"
          ]
        }
      ]
    },
    {
      "mode": "managed",
      "type": "huaweicloud_networking_secgroup_rule_v2",
      "name": "secgroup_rule_1",
      "provider": "provider[\"registry.terraform.io/huaweicloud/huaweicloud\"]",
      "instances": [
        {
          "schema_version": 0,
          "attributes": {
            "description": "",
            "direction": "ingress",
            "ethertype": "IPv4",
            "id": "115ae4b1-2f1c-49c7-b970-08678133829b",
            "port_range_max": 22,
            "port_range_min": 22,
            "ports": "22",
            "protocol": "tcp",
            "region": "na-mexico-1",
            "remote_group_id": "",
            "remote_ip_prefix": "0.0.0.0/0",
            "security_group_id": "c5c9f119-ec3d-4fd1-84cd-8c737d91e07a",
            "timeouts": null
          },
          "sensitive_attributes": [],
          "private": "eyJlMmJmYjczMC1lY2FhLTExZTYtOGY4OC0zNDM2M2JjN2M0YzAiOnsiZGVsZXRlIjo2MDAwMDAwMDAwMDB9fQ==",
          "dependencies": [
            "huaweicloud_networking_secgroup_v2.secgroup_1"
          ]
        }
      ]
    },
    {
      "mode": "managed",
      "type": "huaweicloud_networking_secgroup_v2",
      "name": "secgroup_1",
      "provider": "provider[\"registry.terraform.io/huaweicloud/huaweicloud\"]",
      "instances": [
        {
          "schema_version": 0,
          "attributes": {
            "created_at": "2022-05-01T00:48:59Z",
            "delete_default_rules": null,
            "description": "terra security group",
            "enterprise_project_id": "0",
            "id": "c5c9f119-ec3d-4fd1-84cd-8c737d91e07a",
            "name": "secgroup_terraform",
            "region": "na-mexico-1",
            "rules": [
              {
                "description": "",
                "direction": "ingress",
                "ethertype": "IPv4",
                "id": "d2bdb76b-2321-4697-ab0a-2cd3c33a1eea",
                "port_range_max": 0,
                "port_range_min": 0,
                "ports": "",
                "protocol": "",
                "remote_group_id": "c5c9f119-ec3d-4fd1-84cd-8c737d91e07a",
                "remote_ip_prefix": ""
              },
              {
                "description": "",
                "direction": "egress",
                "ethertype": "IPv6",
                "id": "3ff69118-6769-4832-a748-b9080d1c787b",
                "port_range_max": 0,
                "port_range_min": 0,
                "ports": "",
                "protocol": "",
                "remote_group_id": "",
                "remote_ip_prefix": ""
              },
              {
                "description": "",
                "direction": "ingress",
                "ethertype": "IPv6",
                "id": "dcc85994-7c98-4fe9-9b96-43a52792f01a",
                "port_range_max": 0,
                "port_range_min": 0,
                "ports": "",
                "protocol": "",
                "remote_group_id": "c5c9f119-ec3d-4fd1-84cd-8c737d91e07a",
                "remote_ip_prefix": ""
              },
              {
                "description": "",
                "direction": "egress",
                "ethertype": "IPv4",
                "id": "ea2d0094-a921-4d70-87c9-3598b6ddba38",
                "port_range_max": 0,
                "port_range_min": 0,
                "ports": "",
                "protocol": "",
                "remote_group_id": "",
                "remote_ip_prefix": ""
              }
            ],
            "timeouts": null,
            "updated_at": "2022-05-01T00:49:00Z"
          },
          "sensitive_attributes": [],
          "private": "eyJlMmJmYjczMC1lY2FhLTExZTYtOGY4OC0zNDM2M2JjN2M0YzAiOnsiZGVsZXRlIjo2MDAwMDAwMDAwMDB9fQ=="
        }
      ]
    },
    {
      "mode": "managed",
      "type": "huaweicloud_vpc",
      "name": "terra_vpc",
      "provider": "provider[\"registry.terraform.io/huaweicloud/huaweicloud\"]",
      "instances": [
        {
          "schema_version": 0,
          "attributes": {
            "cidr": "192.168.0.0/16",
            "description": "",
            "enterprise_project_id": "0",
            "id": "f1d6d05f-d4ec-4306-b780-119fa7a478eb",
            "name": "terraform_vpc",
            "region": "na-mexico-1",
            "routes": [],
            "secondary_cidr": null,
            "status": "OK",
            "tags": null,
            "timeouts": null
          },
          "sensitive_attributes": [],
          "private": "eyJlMmJmYjczMC1lY2FhLTExZTYtOGY4OC0zNDM2M2JjN2M0YzAiOnsiY3JlYXRlIjo2MDAwMDAwMDAwMDAsImRlbGV0ZSI6MTgwMDAwMDAwMDAwfX0="
        }
      ]
    },
    {
      "mode": "managed",
      "type": "huaweicloud_vpc_eip",
      "name": "myeip",
      "provider": "provider[\"registry.terraform.io/huaweicloud/huaweicloud\"]",
      "instances": [
        {
          "schema_version": 0,
          "attributes": {
            "address": "94.74.74.226",
            "auto_pay": null,
            "auto_renew": null,
            "bandwidth": [
              {
                "charge_mode": "traffic",
                "id": "f00b1008-0a35-4bd6-b8e0-c579606de93f",
                "name": "mybandwidth",
                "share_type": "PER",
                "size": 8
              }
            ],
            "charging_mode": null,
            "enterprise_project_id": "0",
            "id": "9481298f-7928-4c04-825a-c03e8ecbda4c",
            "ipv6_address": "",
            "name": "",
            "period": null,
            "period_unit": null,
            "port_id": "",
            "private_ip": "",
            "publicip": [
              {
                "ip_address": "94.74.74.226",
                "ip_version": 4,
                "port_id": "",
                "type": "5_bgp"
              }
            ],
            "region": "na-mexico-1",
            "status": "UNBOUND",
            "tags": null,
            "timeouts": null
          },
          "sensitive_attributes": [],
          "private": "eyJlMmJmYjczMC1lY2FhLTExZTYtOGY4OC0zNDM2M2JjN2M0YzAiOnsiY3JlYXRlIjo2MDAwMDAwMDAwMDAsImRlbGV0ZSI6NjAwMDAwMDAwMDAwLCJ1cGRhdGUiOjMwMDAwMDAwMDAwMH19"
        }
      ]
    },
    {
      "mode": "managed",
      "type": "huaweicloud_vpc_subnet_v1",
      "name": "subnet_v1",
      "provider": "provider[\"registry.terraform.io/huaweicloud/huaweicloud\"]",
      "instances": [
        {
          "schema_version": 0,
          "attributes": {
            "availability_zone": "",
            "cidr": "192.168.0.0/24",
            "dhcp_enable": true,
            "dns_list": [
              "100.125.1.22",
              "8.8.8.8"
            ],
            "gateway_ip": "192.168.0.1",
            "id": "78affc2e-e61d-43d7-822a-e8df23996a3b",
            "ipv6_cidr": "",
            "ipv6_enable": false,
            "ipv6_gateway": "",
            "ipv6_subnet_id": "",
            "name": "subnet-terraform",
            "primary_dns": "100.125.1.22",
            "region": "na-mexico-1",
            "secondary_dns": "8.8.8.8",
            "subnet_id": "c08f63f3-db6c-49fe-96a3-39bbe1a92073",
            "tags": null,
            "timeouts": null,
            "vpc_id": "f1d6d05f-d4ec-4306-b780-119fa7a478eb"
          },
          "sensitive_attributes": [],
          "private": "eyJlMmJmYjczMC1lY2FhLTExZTYtOGY4OC0zNDM2M2JjN2M0YzAiOnsiY3JlYXRlIjozMDAwMDAwMDAwMDAsImRlbGV0ZSI6MzAwMDAwMDAwMDAwfX0=",
          "dependencies": [
            "huaweicloud_vpc.terra_vpc"
          ]
        }
      ]
    }
  ]
}
